
Microsoft Visual Studio Solution File, Format Version 12.00
# Visual Studio 15
VisualStudioVersion = 15.0.27004.2006
MinimumVisualStudioVersion = 10.0.40219.1
Project("{FAE04EC0-301F-11D3-BF4B-00C04F79EFBC}") = "BadgeView.Android", "BadgeView\BadgeView.Android\BadgeView.Android.csproj", "{221320C9-3A86-4BC4-9C41-2AE48DB695B7}"
EndProject
Project("{FAE04EC0-301F-11D3-BF4B-00C04F79EFBC}") = "BadgeView", "BadgeView\BadgeView\BadgeView.csproj", "{B5D515A0-0E8C-4F68-83E0-A11F453123B4}"
EndProject
Project("{FAE04EC0-301F-11D3-BF4B-00C04F79EFBC}") = "BadgeView.iOS", "BadgeView\BadgeView.iOS\BadgeView.iOS.csproj", "{BC2F5C39-CDCE-42F7-A61E-8E846583F837}"
EndProject
Global
	GlobalSection(SolutionConfigurationPlatforms) = preSolution
		Ad-Hoc|Any CPU = Ad-Hoc|Any CPU
		Ad-Hoc|ARM = Ad-Hoc|ARM
		Ad-Hoc|iPhone = Ad-Hoc|iPhone
		Ad-Hoc|iPhoneSimulator = Ad-Hoc|iPhoneSimulator
		Ad-Hoc|x64 = Ad-Hoc|x64
		Ad-Hoc|x86 = Ad-Hoc|x86
		AppStore|Any CPU = AppStore|Any CPU
		AppStore|ARM = AppStore|ARM
		AppStore|iPhone = AppStore|iPhone
		AppStore|iPhoneSimulator = AppStore|iPhoneSimulator
		AppStore|x64 = AppStore|x64
		AppStore|x86 = AppStore|x86
		Debug|Any CPU = Debug|Any CPU
		Debug|ARM = Debug|ARM
		Debug|iPhone = Debug|iPhone
		Debug|iPhoneSimulator = Debug|iPhoneSimulator
		Debug|x64 = Debug|x64
		Debug|x86 = Debug|x86
		Release|Any CPU = Release|Any CPU
		Release|ARM = Release|ARM
		Release|iPhone = Release|iPhone
		Release|iPhoneSimulator = Release|iPhoneSimulator
		Release|x64 = Release|x64
		Release|x86 = Release|x86
	EndGlobalSection
	GlobalSection(ProjectConfigurationPlatforms) = postSolution
		{221320C9-3A86-4BC4-9C41-2AE48DB695B7}.Ad-Hoc|Any CPU.ActiveCfg = Release|Any CPU
		{221320C9-3A86-4BC4-9C41-2AE48DB695B7}.Ad-Hoc|Any CPU.Build.0 = Release|Any CPU
		{221320C9-3A86-4BC4-9C41-2AE48DB695B7}.Ad-Hoc|Any CPU.Deploy.0 = Release|Any CPU
		{221320C9-3A86-4BC4-9C41-2AE48DB695B7}.Ad-Hoc|ARM.ActiveCfg = Release|Any CPU
		{221320C9-3A86-4BC4-9C41-2AE48DB695B7}.Ad-Hoc|ARM.Build.0 = Release|Any CPU
		{221320C9-3A86-4BC4-9C41-2AE48DB695B7}.Ad-Hoc|ARM.Deploy.0 = Release|Any CPU
		{221320C9-3A86-4BC4-9C41-2AE48DB695B7}.Ad-Hoc|iPhone.ActiveCfg = Release|Any CPU
		{221320C9-3A86-4BC4-9C41-2AE48DB695B7}.Ad-Hoc|iPhone.Build.0 = Release|Any CPU
		{221320C9-3A86-4BC4-9C41-2AE48DB695B7}.Ad-Hoc|iPhone.Deploy.0 = Release|Any CPU
		{221320C9-3A86-4BC4-9C41-2AE48DB695B7}.Ad-Hoc|iPhoneSimulator.ActiveCfg = Release|Any CPU
		{221320C9-3A86-4BC4-9C41-2AE48DB695B7}.Ad-Hoc|iPhoneSimulator.Build.0 = Release|Any CPU
		{221320C9-3A86-4BC4-9C41-2AE48DB695B7}.Ad-Hoc|iPhoneSimulator.Deploy.0 = Release|Any CPU
		{221320C9-3A86-4BC4-9C41-2AE48DB695B7}.Ad-Hoc|x64.ActiveCfg = Release|Any CPU
		{221320C9-3A86-4BC4-9C41-2AE48DB695B7}.Ad-Hoc|x64.Build.0 = Release|Any CPU
		{221320C9-3A86-4BC4-9C41-2AE48DB695B7}.Ad-Hoc|x64.Deploy.0 = Release|Any CPU
		{221320C9-3A86-4BC4-9C41-2AE48DB695B7}.Ad-Hoc|x86.ActiveCfg = Release|Any CPU
		{221320C9-3A86-4BC4-9C41-2AE48DB695B7}.Ad-Hoc|x86.Build.0 = Release|Any CPU
		{221320C9-3A86-4BC4-9C41-2AE48DB695B7}.Ad-Hoc|x86.Deploy.0 = Release|Any CPU
		{221320C9-3A86-4BC4-9C41-2AE48DB695B7}.AppStore|Any CPU.ActiveCfg = Release|Any CPU
		{221320C9-3A86-4BC4-9C41-2AE48DB695B7}.AppStore|Any CPU.Build.0 = Release|Any CPU
		{221320C9-3A86-4BC4-9C41-2AE48DB695B7}.AppStore|Any CPU.Deploy.0 = Release|Any CPU
		{221320C9-3A86-4BC4-9C41-2AE48DB695B7}.AppStore|ARM.ActiveCfg = Release|Any CPU
		{221320C9-3A86-4BC4-9C41-2AE48DB695B7}.AppStore|ARM.Build.0 = Release|Any CPU
		{221320C9-3A86-4BC4-9C41-2AE48DB695B7}.AppStore|ARM.Deploy.0 = Release|Any CPU
		{221320C9-3A86-4BC4-9C41-2AE48DB695B7}.AppStore|iPhone.ActiveCfg = Release|Any CPU
		{221320C9-3A86-4BC4-9C41-2AE48DB695B7}.AppStore|iPhone.Build.0 = Release|Any CPU
		{221320C9-3A86-4BC4-9C41-2AE48DB695B7}.AppStore|iPhone.Deploy.0 = Release|Any CPU
		{221320C9-3A86-4BC4-9C41-2AE48DB695B7}.AppStore|iPhoneSimulator.ActiveCfg = Release|Any CPU
		{221320C9-3A86-4BC4-9C41-2AE48DB695B7}.AppStore|iPhoneSimulator.Build.0 = Release|Any CPU
		{221320C9-3A86-4BC4-9C41-2AE48DB695B7}.AppStore|iPhoneSimulator.Deploy.0 = Release|Any CPU
		{221320C9-3A86-4BC4-9C41-2AE48DB695B7}.AppStore|x64.ActiveCfg = Release|Any CPU
		{221320C9-3A86-4BC4-9C41-2AE48DB695B7}.AppStore|x64.Build.0 = Release|Any CPU
		{221320C9-3A86-4BC4-9C41-2AE48DB695B7}.AppStore|x64.Deploy.0 = Release|Any CPU
		{221320C9-3A86-4BC4-9C41-2AE48DB695B7}.AppStore|x86.ActiveCfg = Release|Any CPU
		{221320C9-3A86-4BC4-9C41-2AE48DB695B7}.AppStore|x86.Build.0 = Release|Any CPU
		{221320C9-3A86-4BC4-9C41-2AE48DB695B7}.AppStore|x86.Deploy.0 = Release|Any CPU
		{221320C9-3A86-4BC4-9C41-2AE48DB695B7}.Debug|Any CPU.ActiveCfg = Debug|Any CPU
		{221320C9-3A86-4BC4-9C41-2AE48DB695B7}.Debug|Any CPU.Build.0 = Debug|Any CPU
		{221320C9-3A86-4BC4-9C41-2AE48DB695B7}.Debug|Any CPU.Deploy.0 = Debug|Any CPU
		{221320C9-3A86-4BC4-9C41-2AE48DB695B7}.Debug|ARM.ActiveCfg = Debug|Any CPU
		{221320C9-3A86-4BC4-9C41-2AE48DB695B7}.Debug|ARM.Build.0 = Debug|Any CPU
		{221320C9-3A86-4BC4-9C41-2AE48DB695B7}.Debug|ARM.Deploy.0 = Debug|Any CPU
		{221320C9-3A86-4BC4-9C41-2AE48DB695B7}.Debug|iPhone.ActiveCfg = Debug|Any CPU
		{221320C9-3A86-4BC4-9C41-2AE48DB695B7}.Debug|iPhone.Build.0 = Debug|Any CPU
		{221320C9-3A86-4BC4-9C41-2AE48DB695B7}.Debug|iPhone.Deploy.0 = Debug|Any CPU
		{221320C9-3A86-4BC4-9C41-2AE48DB695B7}.Debug|iPhoneSimulator.ActiveCfg = Debug|Any CPU
		{221320C9-3A86-4BC4-9C41-2AE48DB695B7}.Debug|iPhoneSimulator.Build.0 = Debug|Any CPU
		{221320C9-3A86-4BC4-9C41-2AE48DB695B7}.Debug|iPhoneSimulator.Deploy.0 = Debug|Any CPU
		{221320C9-3A86-4BC4-9C41-2AE48DB695B7}.Debug|x64.ActiveCfg = Debug|Any CPU
		{221320C9-3A86-4BC4-9C41-2AE48DB695B7}.Debug|x64.Build.0 = Debug|Any CPU
		{221320C9-3A86-4BC4-9C41-2AE48DB695B7}.Debug|x64.Deploy.0 = Debug|Any CPU
		{221320C9-3A86-4BC4-9C41-2AE48DB695B7}.Debug|x86.ActiveCfg = Debug|Any CPU
		{221320C9-3A86-4BC4-9C41-2AE48DB695B7}.Debug|x86.Build.0 = Debug|Any CPU
		{221320C9-3A86-4BC4-9C41-2AE48DB695B7}.Debug|x86.Deploy.0 = Debug|Any CPU
		{221320C9-3A86-4BC4-9C41-2AE48DB695B7}.Release|Any CPU.ActiveCfg = Release|Any CPU
		{221320C9-3A86-4BC4-9C41-2AE48DB695B7}.Release|Any CPU.Build.0 = Release|Any CPU
		{221320C9-3A86-4BC4-9C41-2AE48DB695B7}.Release|Any CPU.Deploy.0 = Release|Any CPU
		{221320C9-3A86-4BC4-9C41-2AE48DB695B7}.Release|ARM.ActiveCfg = Release|Any CPU
		{221320C9-3A86-4BC4-9C41-2AE48DB695B7}.Release|ARM.Build.0 = Release|Any CPU
		{221320C9-3A86-4BC4-9C41-2AE48DB695B7}.Release|ARM.Deploy.0 = Release|Any CPU
		{221320C9-3A86-4BC4-9C41-2AE48DB695B7}.Release|iPhone.ActiveCfg = Release|Any CPU
		{221320C9-3A86-4BC4-9C41-2AE48DB695B7}.Release|iPhone.Build.0 = Release|Any CPU
		{221320C9-3A86-4BC4-9C41-2AE48DB695B7}.Release|iPhone.Deploy.0 = Release|Any CPU
		{221320C9-3A86-4BC4-9C41-2AE48DB695B7}.Release|iPhoneSimulator.ActiveCfg = Release|Any CPU
		{221320C9-3A86-4BC4-9C41-2AE48DB695B7}.Release|iPhoneSimulator.Build.0 = Release|Any CPU
		{221320C9-3A86-4BC4-9C41-2AE48DB695B7}.Release|iPhoneSimulator.Deploy.0 = Release|Any CPU
		{221320C9-3A86-4BC4-9C41-2AE48DB695B7}.Release|x64.ActiveCfg = Release|Any CPU
		{221320C9-3A86-4BC4-9C41-2AE48DB695B7}.Release|x64.Build.0 = Release|Any CPU
		{221320C9-3A86-4BC4-9C41-2AE48DB695B7}.Release|x64.Deploy.0 = Release|Any CPU
		{221320C9-3A86-4BC4-9C41-2AE48DB695B7}.Release|x86.ActiveCfg = Release|Any CPU
		{221320C9-3A86-4BC4-9C41-2AE48DB695B7}.Release|x86.Build.0 = Release|Any CPU
		{221320C9-3A86-4BC4-9C41-2AE48DB695B7}.Release|x86.Deploy.0 = Release|Any CPU
		{B5D515A0-0E8C-4F68-83E0-A11F453123B4}.Ad-Hoc|Any CPU.ActiveCfg = Release|Any CPU
		{B5D515A0-0E8C-4F68-83E0-A11F453123B4}.Ad-Hoc|Any CPU.Build.0 = Release|Any CPU
		{B5D515A0-0E8C-4F68-83E0-A11F453123B4}.Ad-Hoc|ARM.ActiveCfg = Release|Any CPU
		{B5D515A0-0E8C-4F68-83E0-A11F453123B4}.Ad-Hoc|ARM.Build.0 = Release|Any CPU
		{B5D515A0-0E8C-4F68-83E0-A11F453123B4}.Ad-Hoc|iPhone.ActiveCfg = Release|Any CPU
		{B5D515A0-0E8C-4F68-83E0-A11F453123B4}.Ad-Hoc|iPhone.Build.0 = Release|Any CPU
		{B5D515A0-0E8C-4F68-83E0-A11F453123B4}.Ad-Hoc|iPhoneSimulator.ActiveCfg = Release|Any CPU
		{B5D515A0-0E8C-4F68-83E0-A11F453123B4}.Ad-Hoc|iPhoneSimulator.Build.0 = Release|Any CPU
		{B5D515A0-0E8C-4F68-83E0-A11F453123B4}.Ad-Hoc|x64.ActiveCfg = Release|Any CPU
		{B5D515A0-0E8C-4F68-83E0-A11F453123B4}.Ad-Hoc|x64.Build.0 = Release|Any CPU
		{B5D515A0-0E8C-4F68-83E0-A11F453123B4}.Ad-Hoc|x86.ActiveCfg = Release|Any CPU
		{B5D515A0-0E8C-4F68-83E0-A11F453123B4}.Ad-Hoc|x86.Build.0 = Release|Any CPU
		{B5D515A0-0E8C-4F68-83E0-A11F453123B4}.AppStore|Any CPU.ActiveCfg = Release|Any CPU
		{B5D515A0-0E8C-4F68-83E0-A11F453123B4}.AppStore|Any CPU.Build.0 = Release|Any CPU
		{B5D515A0-0E8C-4F68-83E0-A11F453123B4}.AppStore|ARM.ActiveCfg = Release|Any CPU
		{B5D515A0-0E8C-4F68-83E0-A11F453123B4}.AppStore|ARM.Build.0 = Release|Any CPU
		{B5D515A0-0E8C-4F68-83E0-A11F453123B4}.AppStore|iPhone.ActiveCfg = Release|Any CPU
		{B5D515A0-0E8C-4F68-83E0-A11F453123B4}.AppStore|iPhone.Build.0 = Release|Any CPU
		{B5D515A0-0E8C-4F68-83E0-A11F453123B4}.AppStore|iPhoneSimulator.ActiveCfg = Release|Any CPU
		{B5D515A0-0E8C-4F68-83E0-A11F453123B4}.AppStore|iPhoneSimulator.Build.0 = Release|Any CPU
		{B5D515A0-0E8C-4F68-83E0-A11F453123B4}.AppStore|x64.ActiveCfg = Release|Any CPU
		{B5D515A0-0E8C-4F68-83E0-A11F453123B4}.AppStore|x64.Build.0 = Release|Any CPU
		{B5D515A0-0E8C-4F68-83E0-A11F453123B4}.AppStore|x86.ActiveCfg = Release|Any CPU
		{B5D515A0-0E8C-4F68-83E0-A11F453123B4}.AppStore|x86.Build.0 = Release|Any CPU
		{B5D515A0-0E8C-4F68-83E0-A11F453123B4}.Debug|Any CPU.ActiveCfg = Debug|Any CPU
		{B5D515A0-0E8C-4F68-83E0-A11F453123B4}.Debug|Any CPU.Build.0 = Debug|Any CPU
		{B5D515A0-0E8C-4F68-83E0-A11F453123B4}.Debug|ARM.ActiveCfg = Debug|Any CPU
		{B5D515A0-0E8C-4F68-83E0-A11F453123B4}.Debug|ARM.Build.0 = Debug|Any CPU
		{B5D515A0-0E8C-4F68-83E0-A11F453123B4}.Debug|iPhone.ActiveCfg = Debug|Any CPU
		{B5D515A0-0E8C-4F68-83E0-A11F453123B4}.Debug|iPhone.Build.0 = Debug|Any CPU
		{B5D515A0-0E8C-4F68-83E0-A11F453123B4}.Debug|iPhoneSimulator.ActiveCfg = Debug|Any CPU
		{B5D515A0-0E8C-4F68-83E0-A11F453123B4}.Debug|iPhoneSimulator.Build.0 = Debug|Any CPU
		{B5D515A0-0E8C-4F68-83E0-A11F453123B4}.Debug|x64.ActiveCfg = Debug|Any CPU
		{B5D515A0-0E8C-4F68-83E0-A11F453123B4}.Debug|x64.Build.0 = Debug|Any CPU
		{B5D515A0-0E8C-4F68-83E0-A11F453123B4}.Debug|x86.ActiveCfg = Debug|Any CPU
		{B5D515A0-0E8C-4F68-83E0-A11F453123B4}.Debug|x86.Build.0 = Debug|Any CPU
		{B5D515A0-0E8C-4F68-83E0-A11F453123B4}.Release|Any CPU.ActiveCfg = Release|Any CPU
		{B5D515A0-0E8C-4F68-83E0-A11F453123B4}.Release|Any CPU.Build.0 = Release|Any CPU
		{B5D515A0-0E8C-4F68-83E0-A11F453123B4}.Release|ARM.ActiveCfg = Release|Any CPU
		{B5D515A0-0E8C-4F68-83E0-A11F453123B4}.Release|ARM.Build.0 = Release|Any CPU
		{B5D515A0-0E8C-4F68-83E0-A11F453123B4}.Release|iPhone.ActiveCfg = Release|Any CPU
		{B5D515A0-0E8C-4F68-83E0-A11F453123B4}.Release|iPhone.Build.0 = Release|Any CPU
		{B5D515A0-0E8C-4F68-83E0-A11F453123B4}.Release|iPhoneSimulator.ActiveCfg = Release|Any CPU
		{B5D515A0-0E8C-4F68-83E0-A11F453123B4}.Release|iPhoneSimulator.Build.0 = Release|Any CPU
		{B5D515A0-0E8C-4F68-83E0-A11F453123B4}.Release|x64.ActiveCfg = Release|Any CPU
		{B5D515A0-0E8C-4F68-83E0-A11F453123B4}.Release|x64.Build.0 = Release|Any CPU
		{B5D515A0-0E8C-4F68-83E0-A11F453123B4}.Release|x86.ActiveCfg = Release|Any CPU
		{B5D515A0-0E8C-4F68-83E0-A11F453123B4}.Release|x86.Build.0 = Release|Any CPU
		{BC2F5C39-CDCE-42F7-A61E-8E846583F837}.Ad-Hoc|Any CPU.ActiveCfg = Ad-Hoc|iPhoneSimulator
		{BC2F5C39-CDCE-42F7-A61E-8E846583F837}.Ad-Hoc|ARM.ActiveCfg = Ad-Hoc|iPhone
		{BC2F5C39-CDCE-42F7-A61E-8E846583F837}.Ad-Hoc|iPhone.ActiveCfg = Ad-Hoc|iPhone
		{BC2F5C39-CDCE-42F7-A61E-8E846583F837}.Ad-Hoc|iPhone.Build.0 = Ad-Hoc|iPhone
		{BC2F5C39-CDCE-42F7-A61E-8E846583F837}.Ad-Hoc|iPhoneSimulator.ActiveCfg = Ad-Hoc|iPhoneSimulator
		{BC2F5C39-CDCE-42F7-A61E-8E846583F837}.Ad-Hoc|iPhoneSimulator.Build.0 = Ad-Hoc|iPhoneSimulator
		{BC2F5C39-CDCE-42F7-A61E-8E846583F837}.Ad-Hoc|x64.ActiveCfg = Ad-Hoc|iPhone
		{BC2F5C39-CDCE-42F7-A61E-8E846583F837}.Ad-Hoc|x86.ActiveCfg = Ad-Hoc|iPhone
		{BC2F5C39-CDCE-42F7-A61E-8E846583F837}.AppStore|Any CPU.ActiveCfg = AppStore|iPhoneSimulator
		{BC2F5C39-CDCE-42F7-A61E-8E846583F837}.AppStore|ARM.ActiveCfg = AppStore|iPhone
		{BC2F5C39-CDCE-42F7-A61E-8E846583F837}.AppStore|iPhone.ActiveCfg = AppStore|iPhone
		{BC2F5C39-CDCE-42F7-A61E-8E846583F837}.AppStore|iPhone.Build.0 = AppStore|iPhone
		{BC2F5C39-CDCE-42F7-A61E-8E846583F837}.AppStore|iPhoneSimulator.ActiveCfg = AppStore|iPhoneSimulator
		{BC2F5C39-CDCE-42F7-A61E-8E846583F837}.AppStore|iPhoneSimulator.Build.0 = AppStore|iPhoneSimulator
		{BC2F5C39-CDCE-42F7-A61E-8E846583F837}.AppStore|x64.ActiveCfg = AppStore|iPhone
		{BC2F5C39-CDCE-42F7-A61E-8E846583F837}.AppStore|x86.ActiveCfg = AppStore|iPhone
		{BC2F5C39-CDCE-42F7-A61E-8E846583F837}.Debug|Any CPU.ActiveCfg = Debug|iPhoneSimulator
		{BC2F5C39-CDCE-42F7-A61E-8E846583F837}.Debug|ARM.ActiveCfg = Debug|iPhone
		{BC2F5C39-CDCE-42F7-A61E-8E846583F837}.Debug|iPhone.ActiveCfg = Debug|iPhone
		{BC2F5C39-CDCE-42F7-A61E-8E846583F837}.Debug|iPhone.Build.0 = Debug|iPhone
		{BC2F5C39-CDCE-42F7-A61E-8E846583F837}.Debug|iPhoneSimulator.ActiveCfg = Debug|iPhoneSimulator
		{BC2F5C39-CDCE-42F7-A61E-8E846583F837}.Debug|iPhoneSimulator.Build.0 = Debug|iPhoneSimulator
		{BC2F5C39-CDCE-42F7-A61E-8E846583F837}.Debug|x64.ActiveCfg = Debug|iPhone
		{BC2F5C39-CDCE-42F7-A61E-8E846583F837}.Debug|x86.ActiveCfg = Debug|iPhone
		{BC2F5C39-CDCE-42F7-A61E-8E846583F837}.Release|Any CPU.ActiveCfg = Release|iPhoneSimulator
		{BC2F5C39-CDCE-42F7-A61E-8E846583F837}.Release|ARM.ActiveCfg = Release|iPhone
		{BC2F5C39-CDCE-42F7-A61E-8E846583F837}.Release|iPhone.ActiveCfg = Release|iPhone
		{BC2F5C39-CDCE-42F7-A61E-8E846583F837}.Release|iPhone.Build.0 = Release|iPhone
		{BC2F5C39-CDCE-42F7-A61E-8E846583F837}.Release|iPhoneSimulator.ActiveCfg = Release|iPhoneSimulator
		{BC2F5C39-CDCE-42F7-A61E-8E846583F837}.Release|iPhoneSimulator.Build.0 = Release|iPhoneSimulator
		{BC2F5C39-CDCE-42F7-A61E-8E846583F837}.Release|x64.ActiveCfg = Release|iPhone
		{BC2F5C39-CDCE-42F7-A61E-8E846583F837}.Release|x86.ActiveCfg = Release|iPhone
	EndGlobalSection
	GlobalSection(SolutionProperties) = preSolution
		HideSolutionNode = FALSE
	EndGlobalSection
	GlobalSection(ExtensibilityGlobals) = postSolution
		SolutionGuid = {1D0F86E5-4528-4E9F-987C-DF2E2E3259E2}
	EndGlobalSection
EndGlobal
